
Microsoft Visual Studio Solution File, Format Version 12.00
# Visual Studio Version 17
VisualStudioVersion = 17.8.34511.84
MinimumVisualStudioVersion = 10.0.40219.1
Project("{9A19103F-16F7-4668-BE54-9A1E7A4F7556}") = "BusinessObjects", "BusinessObjects\BusinessObjects.csproj", "{B58C3F15-62D0-4F1D-A59A-60CFE97CEF67}"
EndProject
Project("{9A19103F-16F7-4668-BE54-9A1E7A4F7556}") = "DataAccessLayer", "DataAccessLayer\DataAccessLayer.csproj", "{84784490-FBEF-45B3-B25D-41901C87E6A7}"
EndProject
Project("{9A19103F-16F7-4668-BE54-9A1E7A4F7556}") = "Repositories", "Repositories\Repositories.csproj", "{0B76D669-FCCD-450D-957D-8A6A0669E862}"
EndProject
Project("{9A19103F-16F7-4668-BE54-9A1E7A4F7556}") = "Services", "Services\Services.csproj", "{45D69679-8B21-4156-838C-0E8C8BE19CE5}"
EndProject
Project("{FAE04EC0-301F-11D3-BF4B-00C04F79EFBC}") = "NguyenHuynhAnhTaiWPF", "NguyenHuynhAnhTaiWPF\NguyenHuynhAnhTaiWPF.csproj", "{00976B5A-09A6-4E6A-BBA6-ABF1A7EC2F1C}"
EndProject
Global
	GlobalSection(SolutionConfigurationPlatforms) = preSolution
		Debug|Any CPU = Debug|Any CPU
		Release|Any CPU = Release|Any CPU
	EndGlobalSection
	GlobalSection(ProjectConfigurationPlatforms) = postSolution
		{B58C3F15-62D0-4F1D-A59A-60CFE97CEF67}.Debug|Any CPU.ActiveCfg = Debug|Any CPU
		{B58C3F15-62D0-4F1D-A59A-60CFE97CEF67}.Debug|Any CPU.Build.0 = Debug|Any CPU
		{B58C3F15-62D0-4F1D-A59A-60CFE97CEF67}.Release|Any CPU.ActiveCfg = Release|Any CPU
		{B58C3F15-62D0-4F1D-A59A-60CFE97CEF67}.Release|Any CPU.Build.0 = Release|Any CPU
		{84784490-FBEF-45B3-B25D-41901C87E6A7}.Debug|Any CPU.ActiveCfg = Debug|Any CPU
		{84784490-FBEF-45B3-B25D-41901C87E6A7}.Debug|Any CPU.Build.0 = Debug|Any CPU
		{84784490-FBEF-45B3-B25D-41901C87E6A7}.Release|Any CPU.ActiveCfg = Release|Any CPU
		{84784490-FBEF-45B3-B25D-41901C87E6A7}.Release|Any CPU.Build.0 = Release|Any CPU
		{0B76D669-FCCD-450D-957D-8A6A0669E862}.Debug|Any CPU.ActiveCfg = Debug|Any CPU
		{0B76D669-FCCD-450D-957D-8A6A0669E862}.Debug|Any CPU.Build.0 = Debug|Any CPU
		{0B76D669-FCCD-450D-957D-8A6A0669E862}.Release|Any CPU.ActiveCfg = Release|Any CPU
		{0B76D669-FCCD-450D-957D-8A6A0669E862}.Release|Any CPU.Build.0 = Release|Any CPU
		{45D69679-8B21-4156-838C-0E8C8BE19CE5}.Debug|Any CPU.ActiveCfg = Debug|Any CPU
		{45D69679-8B21-4156-838C-0E8C8BE19CE5}.Debug|Any CPU.Build.0 = Debug|Any CPU
		{45D69679-8B21-4156-838C-0E8C8BE19CE5}.Release|Any CPU.ActiveCfg = Release|Any CPU
		{45D69679-8B21-4156-838C-0E8C8BE19CE5}.Release|Any CPU.Build.0 = Release|Any CPU
		{00976B5A-09A6-4E6A-BBA6-ABF1A7EC2F1C}.Debug|Any CPU.ActiveCfg = Debug|Any CPU
		{00976B5A-09A6-4E6A-BBA6-ABF1A7EC2F1C}.Debug|Any CPU.Build.0 = Debug|Any CPU
		{00976B5A-09A6-4E6A-BBA6-ABF1A7EC2F1C}.Release|Any CPU.ActiveCfg = Release|Any CPU
		{00976B5A-09A6-4E6A-BBA6-ABF1A7EC2F1C}.Release|Any CPU.Build.0 = Release|Any CPU
	EndGlobalSection
	GlobalSection(SolutionProperties) = preSolution
		HideSolutionNode = FALSE
	EndGlobalSection
	GlobalSection(ExtensibilityGlobals) = postSolution
		SolutionGuid = {5196B9AA-A7B6-4A0F-AE4A-1511177250B1}
	EndGlobalSection
EndGlobal
